
Microsoft Visual Studio Solution File, Format Version 12.00
# Visual Studio Version 17
VisualStudioVersion = 17.3.32922.545
MinimumVisualStudioVersion = 10.0.40219.1
Project("{FAE04EC0-301F-11D3-BF4B-00C04F79EFBC}") = "Projeto Construir Desktop", "Projeto Construir Desktop\Projeto Construir Desktop.csproj", "{DA0696EA-4751-454A-9D20-E6DF1A1386DD}"
EndProject
Project("{FAE04EC0-301F-11D3-BF4B-00C04F79EFBC}") = "Repository", "Repository\Repository.csproj", "{EE8DBDD8-CE11-4D84-B27F-9126D41CDE94}"
EndProject
Project("{FAE04EC0-301F-11D3-BF4B-00C04F79EFBC}") = "DomainClass", "DomainClass\DomainClass.csproj", "{F01D17D7-15C5-4966-A195-5C0B1A095EDF}"
EndProject
Global
	GlobalSection(SolutionConfigurationPlatforms) = preSolution
		Debug|Any CPU = Debug|Any CPU
		Release|Any CPU = Release|Any CPU
	EndGlobalSection
	GlobalSection(ProjectConfigurationPlatforms) = postSolution
		{DA0696EA-4751-454A-9D20-E6DF1A1386DD}.Debug|Any CPU.ActiveCfg = Debug|Any CPU
		{DA0696EA-4751-454A-9D20-E6DF1A1386DD}.Debug|Any CPU.Build.0 = Debug|Any CPU
		{DA0696EA-4751-454A-9D20-E6DF1A1386DD}.Release|Any CPU.ActiveCfg = Release|Any CPU
		{DA0696EA-4751-454A-9D20-E6DF1A1386DD}.Release|Any CPU.Build.0 = Release|Any CPU
		{EE8DBDD8-CE11-4D84-B27F-9126D41CDE94}.Debug|Any CPU.ActiveCfg = Debug|Any CPU
		{EE8DBDD8-CE11-4D84-B27F-9126D41CDE94}.Debug|Any CPU.Build.0 = Debug|Any CPU
		{EE8DBDD8-CE11-4D84-B27F-9126D41CDE94}.Release|Any CPU.ActiveCfg = Release|Any CPU
		{EE8DBDD8-CE11-4D84-B27F-9126D41CDE94}.Release|Any CPU.Build.0 = Release|Any CPU
		{F01D17D7-15C5-4966-A195-5C0B1A095EDF}.Debug|Any CPU.ActiveCfg = Debug|Any CPU
		{F01D17D7-15C5-4966-A195-5C0B1A095EDF}.Debug|Any CPU.Build.0 = Debug|Any CPU
		{F01D17D7-15C5-4966-A195-5C0B1A095EDF}.Release|Any CPU.ActiveCfg = Release|Any CPU
		{F01D17D7-15C5-4966-A195-5C0B1A095EDF}.Release|Any CPU.Build.0 = Release|Any CPU
	EndGlobalSection
	GlobalSection(SolutionProperties) = preSolution
		HideSolutionNode = FALSE
	EndGlobalSection
	GlobalSection(ExtensibilityGlobals) = postSolution
		SolutionGuid = {AAB6E70F-9C51-4E03-AE75-5CAE42195271}
	EndGlobalSection
EndGlobal
